
Microsoft Visual Studio Solution File, Format Version 12.00
# Visual Studio Version 17
VisualStudioVersion = 17.5.33627.172
MinimumVisualStudioVersion = 10.0.40219.1
Project("{FAE04EC0-301F-11D3-BF4B-00C04F79EFBC}") = "RocketSimulationV1", "KerbelProjectTest1\RocketSimulationV1.csproj", "{D2D414B7-AEBF-4A0F-A475-B2A92B8760D3}"
EndProject
Global
	GlobalSection(SolutionConfigurationPlatforms) = preSolution
		Debug|Any CPU = Debug|Any CPU
		Release|Any CPU = Release|Any CPU
	EndGlobalSection
	GlobalSection(ProjectConfigurationPlatforms) = postSolution
		{D2D414B7-AEBF-4A0F-A475-B2A92B8760D3}.Debug|Any CPU.ActiveCfg = Debug|Any CPU
		{D2D414B7-AEBF-4A0F-A475-B2A92B8760D3}.Debug|Any CPU.Build.0 = Debug|Any CPU
		{D2D414B7-AEBF-4A0F-A475-B2A92B8760D3}.Release|Any CPU.ActiveCfg = Release|Any CPU
		{D2D414B7-AEBF-4A0F-A475-B2A92B8760D3}.Release|Any CPU.Build.0 = Release|Any CPU
	EndGlobalSection
	GlobalSection(SolutionProperties) = preSolution
		HideSolutionNode = FALSE
	EndGlobalSection
	GlobalSection(ExtensibilityGlobals) = postSolution
		SolutionGuid = {1A34ED54-39CA-4944-A7E5-BC49BA1F9F6C}
	EndGlobalSection
EndGlobal
